// !$*UTF8*$!
{
	archiveVersion = 1;
	classes = {
	};
	objectVersion = 46;
	objects = {

/* Begin PBXBuildFile section */
		A59625CE1A45F4250056303D /* AppDelegate.m in Sources */ = {isa = PBXBuildFile; fileRef = A59625CD1A45F4250056303D /* AppDelegate.m */; };
		A59625D01A45F4250056303D /* main.m in Sources */ = {isa = PBXBuildFile; fileRef = A59625CF1A45F4250056303D /* main.m */; };
		A59625D31A45F4250056303D /* ViewController.m in Sources */ = {isa = PBXBuildFile; fileRef = A59625D21A45F4250056303D /* ViewController.m */; };
		A59625E41A45F4250056303D /* iResourceTests.m in Sources */ = {isa = PBXBuildFile; fileRef = A59625E31A45F4250056303D /* iResourceTests.m */; };
		A59625F11A45F4B60056303D /* Main.storyboard in Resources */ = {isa = PBXBuildFile; fileRef = A59625EE1A45F4B60056303D /* Main.storyboard */; };
		A59625F21A45F4B60056303D /* Images.xcassets in Resources */ = {isa = PBXBuildFile; fileRef = A59625F01A45F4B60056303D /* Images.xcassets */; };
/* End PBXBuildFile section */

/* Begin PBXContainerItemProxy section */
		A59625DE1A45F4250056303D /* PBXContainerItemProxy */ = {
			isa = PBXContainerItemProxy;
			containerPortal = A59625BF1A45F4250056303D /* Project object */;
			proxyType = 1;
			remoteGlobalIDString = A59625C61A45F4250056303D;
			remoteInfo = iResource;
		};
/* End PBXContainerItemProxy section */

/* Begin PBXFileReference section */
		A59625C71A45F4250056303D /* iResource.app */ = {isa = PBXFileReference; explicitFileType = wrapper.application; includeInIndex = 0; path = iResource.app; sourceTree = BUILT_PRODUCTS_DIR; };
		A59625CB1A45F4250056303D /* Info.plist */ = {isa = PBXFileReference; lastKnownFileType = text.plist.xml; path = Info.plist; sourceTree = "<group>"; };
		A59625CC1A45F4250056303D /* AppDelegate.h */ = {isa = PBXFileReference; lastKnownFileType = sourcecode.c.h; path = AppDelegate.h; sourceTree = "<group>"; };
		A59625CD1A45F4250056303D /* AppDelegate.m */ = {isa = PBXFileReference; lastKnownFileType = sourcecode.c.objc; path = AppDelegate.m; sourceTree = "<group>"; };
		A59625CF1A45F4250056303D /* main.m */ = {isa = PBXFileReference; lastKnownFileType = sourcecode.c.objc; path = main.m; sourceTree = "<group>"; };
		A59625D11A45F4250056303D /* ViewController.h */ = {isa = PBXFileReference; lastKnownFileType = sourcecode.c.h; path = ViewController.h; sourceTree = "<group>"; };
		A59625D21A45F4250056303D /* ViewController.m */ = {isa = PBXFileReference; lastKnownFileType = sourcecode.c.objc; path = ViewController.m; sourceTree = "<group>"; };
		A59625DD1A45F4250056303D /* iResourceTests.xctest */ = {isa = PBXFileReference; explicitFileType = wrapper.cfbundle; includeInIndex = 0; path = iResourceTests.xctest; sourceTree = BUILT_PRODUCTS_DIR; };
		A59625E21A45F4250056303D /* Info.plist */ = {isa = PBXFileReference; lastKnownFileType = text.plist.xml; path = Info.plist; sourceTree = "<group>"; };
		A59625E31A45F4250056303D /* iResourceTests.m */ = {isa = PBXFileReference; lastKnownFileType = sourcecode.c.objc; path = iResourceTests.m; sourceTree = "<group>"; };
		A59625EF1A45F4B60056303D /* Base */ = {isa = PBXFileReference; lastKnownFileType = file.storyboard; name = Base; path = Base.lproj/Main.storyboard; sourceTree = "<group>"; };
		A59625F01A45F4B60056303D /* Images.xcassets */ = {isa = PBXFileReference; lastKnownFileType = folder.assetcatalog; path = Images.xcassets; sourceTree = "<group>"; };
/* End PBXFileReference section */

/* Begin PBXFrameworksBuildPhase section */
		A59625C41A45F4250056303D /* Frameworks */ = {
			isa = PBXFrameworksBuildPhase;
			buildActionMask = 2147483647;
			files = (
			);
			runOnlyForDeploymentPostprocessing = 0;
		};
		A59625DA1A45F4250056303D /* Frameworks */ = {
			isa = PBXFrameworksBuildPhase;
			buildActionMask = 2147483647;
			files = (
			);
			runOnlyForDeploymentPostprocessing = 0;
		};
/* End PBXFrameworksBuildPhase section */

/* Begin PBXGroup section */
		A59625BE1A45F4250056303D = {
			isa = PBXGroup;
			children = (
				A59625C91A45F4250056303D /* iResource */,
				A59625E01A45F4250056303D /* iResourceTests */,
				A59625ED1A45F4B60056303D /* Resources */,
				A59625C81A45F4250056303D /* Products */,
			);
			sourceTree = "<group>";
		};
		A59625C81A45F4250056303D /* Products */ = {
			isa = PBXGroup;
			children = (
				A59625C71A45F4250056303D /* iResource.app */,
				A59625DD1A45F4250056303D /* iResourceTests.xctest */,
			);
			name = Products;
			sourceTree = "<group>";
		};
		A59625C91A45F4250056303D /* iResource */ = {
			isa = PBXGroup;
			children = (
				A59625CC1A45F4250056303D /* AppDelegate.h */,
				A59625CD1A45F4250056303D /* AppDelegate.m */,
				A59625D11A45F4250056303D /* ViewController.h */,
				A59625D21A45F4250056303D /* ViewController.m */,
				A59625CA1A45F4250056303D /* Supporting Files */,
			);
			path = iResource;
			sourceTree = "<group>";
		};
		A59625CA1A45F4250056303D /* Supporting Files */ = {
			isa = PBXGroup;
			children = (
				A59625CB1A45F4250056303D /* Info.plist */,
				A59625CF1A45F4250056303D /* main.m */,
			);
			name = "Supporting Files";
			sourceTree = "<group>";
		};
		A59625E01A45F4250056303D /* iResourceTests */ = {
			isa = PBXGroup;
			children = (
				A59625E31A45F4250056303D /* iResourceTests.m */,
				A59625E11A45F4250056303D /* Supporting Files */,
			);
			path = iResourceTests;
			sourceTree = "<group>";
		};
		A59625E11A45F4250056303D /* Supporting Files */ = {
			isa = PBXGroup;
			children = (
				A59625E21A45F4250056303D /* Info.plist */,
			);
			name = "Supporting Files";
			sourceTree = "<group>";
		};
		A59625ED1A45F4B60056303D /* Resources */ = {
			isa = PBXGroup;
			children = (
				A59625EE1A45F4B60056303D /* Main.storyboard */,
				A59625F01A45F4B60056303D /* Images.xcassets */,
			);
			path = Resources;
			sourceTree = "<group>";
		};
/* End PBXGroup section */

/* Begin PBXNativeTarget section */
		A59625C61A45F4250056303D /* iResource */ = {
			isa = PBXNativeTarget;
			buildConfigurationList = A59625E71A45F4250056303D /* Build configuration list for PBXNativeTarget "iResource" */;
			buildPhases = (
				A59625C31A45F4250056303D /* Sources */,
				A59625C41A45F4250056303D /* Frameworks */,
				A59625C51A45F4250056303D /* Resources */,
			);
			buildRules = (
			);
			dependencies = (
			);
			name = iResource;
			productName = iResource;
			productReference = A59625C71A45F4250056303D /* iResource.app */;
			productType = "com.apple.product-type.application";
		};
		A59625DC1A45F4250056303D /* iResourceTests */ = {
			isa = PBXNativeTarget;
			buildConfigurationList = A59625EA1A45F4250056303D /* Build configuration list for PBXNativeTarget "iResourceTests" */;
			buildPhases = (
				A59625D91A45F4250056303D /* Sources */,
				A59625DA1A45F4250056303D /* Frameworks */,
				A59625DB1A45F4250056303D /* Resources */,
			);
			buildRules = (
			);
			dependencies = (
				A59625DF1A45F4250056303D /* PBXTargetDependency */,
			);
			name = iResourceTests;
			productName = iResourceTests;
			productReference = A59625DD1A45F4250056303D /* iResourceTests.xctest */;
			productType = "com.apple.product-type.bundle.unit-test";
		};
/* End PBXNativeTarget section */

/* Begin PBXProject section */
		A59625BF1A45F4250056303D /* Project object */ = {
			isa = PBXProject;
			attributes = {
				LastUpgradeCheck = 0610;
				ORGANIZATIONNAME = "IGR Software";
				TargetAttributes = {
					A59625C61A45F4250056303D = {
						CreatedOnToolsVersion = 6.1.1;
					};
					A59625DC1A45F4250056303D = {
						CreatedOnToolsVersion = 6.1.1;
						TestTargetID = A59625C61A45F4250056303D;
					};
				};
			};
			buildConfigurationList = A59625C21A45F4250056303D /* Build configuration list for PBXProject "iResource" */;
			compatibilityVersion = "Xcode 3.2";
			developmentRegion = English;
			hasScannedForEncodings = 0;
			knownRegions = (
				en,
				Base,
			);
			mainGroup = A59625BE1A45F4250056303D;
			productRefGroup = A59625C81A45F4250056303D /* Products */;
			projectDirPath = "";
			projectRoot = "";
			targets = (
				A59625C61A45F4250056303D /* iResource */,
				A59625DC1A45F4250056303D /* iResourceTests */,
			);
		};
/* End PBXProject section */

/* Begin PBXResourcesBuildPhase section */
		A59625C51A45F4250056303D /* Resources */ = {
			isa = PBXResourcesBuildPhase;
			buildActionMask = 2147483647;
			files = (
				A59625F11A45F4B60056303D /* Main.storyboard in Resources */,
				A59625F21A45F4B60056303D /* Images.xcassets in Resources */,
			);
			runOnlyForDeploymentPostprocessing = 0;
		};
		A59625DB1A45F4250056303D /* Resources */ = {
			isa = PBXResourcesBuildPhase;
			buildActionMask = 2147483647;
			files = (
			);
			runOnlyForDeploymentPostprocessing = 0;
		};
/* End PBXResourcesBuildPhase section */

/* Begin PBXSourcesBuildPhase section */
		A59625C31A45F4250056303D /* Sources */ = {
			isa = PBXSourcesBuildPhase;
			buildActionMask = 2147483647;
			files = (
				A59625D31A45F4250056303D /* ViewController.m in Sources */,
				A59625D01A45F4250056303D /* main.m in Sources */,
				A59625CE1A45F4250056303D /* AppDelegate.m in Sources */,
			);
			runOnlyForDeploymentPostprocessing = 0;
		};
		A59625D91A45F4250056303D /* Sources */ = {
			isa = PBXSourcesBuildPhase;
			buildActionMask = 2147483647;
			files = (
				A59625E41A45F4250056303D /* iResourceTests.m in Sources */,
			);
			runOnlyForDeploymentPostprocessing = 0;
		};
/* End PBXSourcesBuildPhase section */

/* Begin PBXTargetDependency section */
		A59625DF1A45F4250056303D /* PBXTargetDependency */ = {
			isa = PBXTargetDependency;
			target = A59625C61A45F4250056303D /* iResource */;
			targetProxy = A59625DE1A45F4250056303D /* PBXContainerItemProxy */;
		};
/* End PBXTargetDependency section */

/* Begin PBXVariantGroup section */
		A59625EE1A45F4B60056303D /* Main.storyboard */ = {
			isa = PBXVariantGroup;
			children = (
				A59625EF1A45F4B60056303D /* Base */,
			);
			name = Main.storyboard;
			sourceTree = "<group>";
		};
/* End PBXVariantGroup section */

/* Begin XCBuildConfiguration section */
		A59625E51A45F4250056303D /* Debug */ = {
			isa = XCBuildConfiguration;
			buildSettings = {
				ALWAYS_SEARCH_USER_PATHS = NO;
				CLANG_CXX_LANGUAGE_STANDARD = "gnu++0x";
				CLANG_CXX_LIBRARY = "libc++";
				CLANG_ENABLE_MODULES = YES;
				CLANG_ENABLE_OBJC_ARC = YES;
				CLANG_WARN_BOOL_CONVERSION = YES;
				CLANG_WARN_CONSTANT_CONVERSION = YES;
				CLANG_WARN_DIRECT_OBJC_ISA_USAGE = YES_ERROR;
				CLANG_WARN_EMPTY_BODY = YES;
				CLANG_WARN_ENUM_CONVERSION = YES;
				CLANG_WARN_INT_CONVERSION = YES;
				CLANG_WARN_OBJC_ROOT_CLASS = YES_ERROR;
				CLANG_WARN_UNREACHABLE_CODE = YES;
				CLANG_WARN__DUPLICATE_METHOD_MATCH = YES;
				CODE_SIGN_IDENTITY = "-";
				COPY_PHASE_STRIP = NO;
				ENABLE_STRICT_OBJC_MSGSEND = YES;
				GCC_C_LANGUAGE_STANDARD = gnu99;
				GCC_DYNAMIC_NO_PIC = NO;
				GCC_OPTIMIZATION_LEVEL = 0;
				GCC_PREPROCESSOR_DEFINITIONS = (
					"DEBUG=1",
					"$(inherited)",
				);
				GCC_SYMBOLS_PRIVATE_EXTERN = NO;
				GCC_WARN_64_TO_32_BIT_CONVERSION = YES;
				GCC_WARN_ABOUT_RETURN_TYPE = YES_ERROR;
				GCC_WARN_UNDECLARED_SELECTOR = YES;
				GCC_WARN_UNINITIALIZED_AUTOS = YES_AGGRESSIVE;
				GCC_WARN_UNUSED_FUNCTION = YES;
				GCC_WARN_UNUSED_VARIABLE = YES;
				MACOSX_DEPLOYMENT_TARGET = 10.10;
				MTL_ENABLE_DEBUG_INFO = YES;
				ONLY_ACTIVE_ARCH = YES;
				SDKROOT = macosx;
			};
			name = Debug;
		};
		A59625E61A45F4250056303D /* Release */ = {
			isa = XCBuildConfiguration;
			buildSettings = {
				ALWAYS_SEARCH_USER_PATHS = NO;
				CLANG_CXX_LANGUAGE_STANDARD = "gnu++0x";
				CLANG_CXX_LIBRARY = "libc++";
				CLANG_ENABLE_MODULES = YES;
				CLANG_ENABLE_OBJC_ARC = YES;
				CLANG_WARN_BOOL_CONVERSION = YES;
				CLANG_WARN_CONSTANT_CONVERSION = YES;
				CLANG_WARN_DIRECT_OBJC_ISA_USAGE = YES_ERROR;
				CLANG_WARN_EMPTY_BODY = YES;
				CLANG_WARN_ENUM_CONVERSION = YES;
				CLANG_WARN_INT_CONVERSION = YES;
				CLANG_WARN_OBJC_ROOT_CLASS = YES_ERROR;
				CLANG_WARN_UNREACHABLE_CODE = YES;
				CLANG_WARN__DUPLICATE_METHOD_MATCH = YES;
				CODE_SIGN_IDENTITY = "-";
				COPY_PHASE_STRIP = YES;
				DEBUG_INFORMATION_FORMAT = "dwarf-with-dsym";
				ENABLE_NS_ASSERTIONS = NO;
				ENABLE_STRICT_OBJC_MSGSEND = YES;
				GCC_C_LANGUAGE_STANDARD = gnu99;
				GCC_WARN_64_TO_32_BIT_CONVERSION = YES;
				GCC_WARN_ABOUT_RETURN_TYPE = YES_ERROR;
				GCC_WARN_UNDECLARED_SELECTOR = YES;
				GCC_WARN_UNINITIALIZED_AUTOS = YES_AGGRESSIVE;
				GCC_WARN_UNUSED_FUNCTION = YES;
				GCC_WARN_UNUSED_VARIABLE = YES;
				MACOSX_DEPLOYMENT_TARGET = 10.10;
				MTL_ENABLE_DEBUG_INFO = NO;
				SDKROOT = macosx;
			};
			name = Release;
		};
		A59625E81A45F4250056303D /* Debug */ = {
			isa = XCBuildConfiguration;
			buildSettings = {
				ASSETCATALOG_COMPILER_APPICON_NAME = AppIcon;
				COMBINE_HIDPI_IMAGES = YES;
				INFOPLIST_FILE = iResource/Info.plist;
				LD_RUNPATH_SEARCH_PATHS = "$(inherited) @executable_path/../Frameworks";
				PRODUCT_NAME = "$(TARGET_NAME)";
			};
			name = Debug;
		};
		A59625E91A45F4250056303D /* Release */ = {
			isa = XCBuildConfiguration;
			buildSettings = {
				ASSETCATALOG_COMPILER_APPICON_NAME = AppIcon;
				COMBINE_HIDPI_IMAGES = YES;
				INFOPLIST_FILE = iResource/Info.plist;
				LD_RUNPATH_SEARCH_PATHS = "$(inherited) @executable_path/../Frameworks";
				PRODUCT_NAME = "$(TARGET_NAME)";
			};
			name = Release;
		};
		A59625EB1A45F4250056303D /* Debug */ = {
			isa = XCBuildConfiguration;
			buildSettings = {
				BUNDLE_LOADER = "$(TEST_HOST)";
				COMBINE_HIDPI_IMAGES = YES;
				FRAMEWORK_SEARCH_PATHS = (
					"$(DEVELOPER_FRAMEWORKS_DIR)",
					"$(inherited)",
				);
				GCC_PREPROCESSOR_DEFINITIONS = (
					"DEBUG=1",
					"$(inherited)",
				);
				INFOPLIST_FILE = iResourceTests/Info.plist;
				LD_RUNPATH_SEARCH_PATHS = "$(inherited) @executable_path/../Frameworks @loader_path/../Frameworks";
				PRODUCT_NAME = "$(TARGET_NAME)";
				TEST_HOST = "$(BUILT_PRODUCTS_DIR)/iResource.app/Contents/MacOS/iResource";
			};
			name = Debug;
		};
		A59625EC1A45F4250056303D /* Release */ = {
			isa = XCBuildConfiguration;
			buildSettings = {
				BUNDLE_LOADER = "$(TEST_HOST)";
				COMBINE_HIDPI_IMAGES = YES;
				FRAMEWORK_SEARCH_PATHS = (
					"$(DEVELOPER_FRAMEWORKS_DIR)",
					"$(inherited)",
				);
				INFOPLIST_FILE = iResourceTests/Info.plist;
				LD_RUNPATH_SEARCH_PATHS = "$(inherited) @executable_path/../Frameworks @loader_path/../Frameworks";
				PRODUCT_NAME = "$(TARGET_NAME)";
				TEST_HOST = "$(BUILT_PRODUCTS_DIR)/iResource.app/Contents/MacOS/iResource";
			};
			name = Release;
		};
/* End XCBuildConfiguration section */

/* Begin XCConfigurationList section */
		A59625C21A45F4250056303D /* Build configuration list for PBXProject "iResource" */ = {
			isa = XCConfigurationList;
			buildConfigurations = (
				A59625E51A45F4250056303D /* Debug */,
				A59625E61A45F4250056303D /* Release */,
			);
			defaultConfigurationIsVisible = 0;
			defaultConfigurationName = Release;
		};
		A59625E71A45F4250056303D /* Build configuration list for PBXNativeTarget "iResource" */ = {
			isa = XCConfigurationList;
			buildConfigurations = (
				A59625E81A45F4250056303D /* Debug */,
				A59625E91A45F4250056303D /* Release */,
			);
			defaultConfigurationIsVisible = 0;
			defaultConfigurationName = Release;
		};
		A59625EA1A45F4250056303D /* Build configuration list for PBXNativeTarget "iResourceTests" */ = {
			isa = XCConfigurationList;
			buildConfigurations = (
				A59625EB1A45F4250056303D /* Debug */,
				A59625EC1A45F4250056303D /* Release */,
			);
			defaultConfigurationIsVisible = 0;
			defaultConfigurationName = Release;
		};
/* End XCConfigurationList section */
	};
	rootObject = A59625BF1A45F4250056303D /* Project object */;
}
