// !$*UTF8*$!
{
	archiveVersion = 1;
	classes = {
	};
	objectVersion = 46;
	objects = {

/* Begin PBXBuildFile section */
		A51B42701A48932F00D27AFD /* PreviewCollectionView.m in Sources */ = {isa = PBXBuildFile; fileRef = A51B426F1A48932F00D27AFD /* PreviewCollectionView.m */; };
		A51B42721A48AA0B00D27AFD /* Quartz.framework in Frameworks */ = {isa = PBXBuildFile; fileRef = A51B42711A48AA0B00D27AFD /* Quartz.framework */; };
		A54A6F2B1B3C3C5D00FD9771 /* MainMenu.xib in Resources */ = {isa = PBXBuildFile; fileRef = A59625FA1A460BDB0056303D /* MainMenu.xib */; };
		A54A6F3D1B3C542000FD9771 /* AppKit.framework in Frameworks */ = {isa = PBXBuildFile; fileRef = A596260E1A4610570056303D /* AppKit.framework */; };
		A59625CE1A45F4250056303D /* AppDelegate.m in Sources */ = {isa = PBXBuildFile; fileRef = A59625CD1A45F4250056303D /* AppDelegate.m */; };
		A59625D01A45F4250056303D /* main.m in Sources */ = {isa = PBXBuildFile; fileRef = A59625CF1A45F4250056303D /* main.m */; };
		A59625F81A45FE8E0056303D /* ResourceCollectionItemView.m in Sources */ = {isa = PBXBuildFile; fileRef = A59625F61A45FE8E0056303D /* ResourceCollectionItemView.m */; };
		A59626031A460BDB0056303D /* Credits.rtf in Resources */ = {isa = PBXBuildFile; fileRef = A59625FD1A460BDB0056303D /* Credits.rtf */; };
		A59626041A460BDB0056303D /* InfoPlist.strings in Resources */ = {isa = PBXBuildFile; fileRef = A59625FF1A460BDB0056303D /* InfoPlist.strings */; };
		A59626051A460BDB0056303D /* Images.xcassets in Resources */ = {isa = PBXBuildFile; fileRef = A59626011A460BDB0056303D /* Images.xcassets */; };
		A59626101A4610570056303D /* Cocoa.framework in Frameworks */ = {isa = PBXBuildFile; fileRef = A596260D1A4610570056303D /* Cocoa.framework */; };
		A5B600351A48134800039CDF /* ResourceManager.m in Sources */ = {isa = PBXBuildFile; fileRef = A5B600311A48134800039CDF /* ResourceManager.m */; };
		A5B600361A48134800039CDF /* RSRCManager.m in Sources */ = {isa = PBXBuildFile; fileRef = A5B600341A48134800039CDF /* RSRCManager.m */; };
		A5B600391A4816E400039CDF /* ResourceEntities.m in Sources */ = {isa = PBXBuildFile; fileRef = A5B600381A4816E400039CDF /* ResourceEntities.m */; };
/* End PBXBuildFile section */

/* Begin PBXFileReference section */
		A51B426E1A48932F00D27AFD /* PreviewCollectionView.h */ = {isa = PBXFileReference; fileEncoding = 4; lastKnownFileType = sourcecode.c.h; path = PreviewCollectionView.h; sourceTree = "<group>"; };
		A51B426F1A48932F00D27AFD /* PreviewCollectionView.m */ = {isa = PBXFileReference; fileEncoding = 4; lastKnownFileType = sourcecode.c.objc; path = PreviewCollectionView.m; sourceTree = "<group>"; };
		A51B42711A48AA0B00D27AFD /* Quartz.framework */ = {isa = PBXFileReference; lastKnownFileType = wrapper.framework; name = Quartz.framework; path = System/Library/Frameworks/Quartz.framework; sourceTree = SDKROOT; };
		A54A6EE91B3C323400FD9771 /* RSRCManager.entitlements */ = {isa = PBXFileReference; lastKnownFileType = text.xml; path = RSRCManager.entitlements; sourceTree = "<group>"; };
		A54A6F3E1B3C56DA00FD9771 /* Prefix.pch */ = {isa = PBXFileReference; fileEncoding = 4; lastKnownFileType = sourcecode.c.h; path = Prefix.pch; sourceTree = "<group>"; };
		A59625C71A45F4250056303D /* RSRCManager.app */ = {isa = PBXFileReference; explicitFileType = wrapper.application; includeInIndex = 0; path = RSRCManager.app; sourceTree = BUILT_PRODUCTS_DIR; };
		A59625CB1A45F4250056303D /* Info.plist */ = {isa = PBXFileReference; lastKnownFileType = text.plist.xml; path = Info.plist; sourceTree = "<group>"; };
		A59625CC1A45F4250056303D /* AppDelegate.h */ = {isa = PBXFileReference; lastKnownFileType = sourcecode.c.h; path = AppDelegate.h; sourceTree = "<group>"; };
		A59625CD1A45F4250056303D /* AppDelegate.m */ = {isa = PBXFileReference; lastKnownFileType = sourcecode.c.objc; path = AppDelegate.m; sourceTree = "<group>"; };
		A59625CF1A45F4250056303D /* main.m */ = {isa = PBXFileReference; lastKnownFileType = sourcecode.c.objc; path = main.m; sourceTree = "<group>"; };
		A59625F51A45FE8E0056303D /* ResourceCollectionItemView.h */ = {isa = PBXFileReference; fileEncoding = 4; lastKnownFileType = sourcecode.c.h; path = ResourceCollectionItemView.h; sourceTree = "<group>"; };
		A59625F61A45FE8E0056303D /* ResourceCollectionItemView.m */ = {isa = PBXFileReference; fileEncoding = 4; lastKnownFileType = sourcecode.c.objc; path = ResourceCollectionItemView.m; sourceTree = "<group>"; };
		A59625FB1A460BDB0056303D /* Base */ = {isa = PBXFileReference; lastKnownFileType = file.xib; name = Base; path = MainMenu.xib; sourceTree = "<group>"; };
		A59625FE1A460BDB0056303D /* en */ = {isa = PBXFileReference; lastKnownFileType = text.rtf; name = en; path = Credits.rtf; sourceTree = "<group>"; };
		A59626001A460BDB0056303D /* en */ = {isa = PBXFileReference; lastKnownFileType = text.plist.strings; name = en; path = InfoPlist.strings; sourceTree = "<group>"; };
		A59626011A460BDB0056303D /* Images.xcassets */ = {isa = PBXFileReference; lastKnownFileType = folder.assetcatalog; path = Images.xcassets; sourceTree = "<group>"; };
		A596260D1A4610570056303D /* Cocoa.framework */ = {isa = PBXFileReference; lastKnownFileType = wrapper.framework; name = Cocoa.framework; path = System/Library/Frameworks/Cocoa.framework; sourceTree = SDKROOT; };
		A596260E1A4610570056303D /* AppKit.framework */ = {isa = PBXFileReference; lastKnownFileType = wrapper.framework; name = AppKit.framework; path = System/Library/Frameworks/AppKit.framework; sourceTree = SDKROOT; };
		A596260F1A4610570056303D /* Foundation.framework */ = {isa = PBXFileReference; lastKnownFileType = wrapper.framework; name = Foundation.framework; path = System/Library/Frameworks/Foundation.framework; sourceTree = SDKROOT; };
		A5B600301A48134800039CDF /* ResourceManager.h */ = {isa = PBXFileReference; fileEncoding = 4; lastKnownFileType = sourcecode.c.h; path = ResourceManager.h; sourceTree = "<group>"; };
		A5B600311A48134800039CDF /* ResourceManager.m */ = {isa = PBXFileReference; fileEncoding = 4; lastKnownFileType = sourcecode.c.objc; path = ResourceManager.m; sourceTree = "<group>"; };
		A5B600321A48134800039CDF /* ResourceManager_Protocol.h */ = {isa = PBXFileReference; fileEncoding = 4; lastKnownFileType = sourcecode.c.h; path = ResourceManager_Protocol.h; sourceTree = "<group>"; };
		A5B600331A48134800039CDF /* RSRCManager.h */ = {isa = PBXFileReference; fileEncoding = 4; lastKnownFileType = sourcecode.c.h; path = RSRCManager.h; sourceTree = "<group>"; };
		A5B600341A48134800039CDF /* RSRCManager.m */ = {isa = PBXFileReference; fileEncoding = 4; lastKnownFileType = sourcecode.c.objc; path = RSRCManager.m; sourceTree = "<group>"; };
		A5B600371A4816E400039CDF /* ResourceEntities.h */ = {isa = PBXFileReference; fileEncoding = 4; lastKnownFileType = sourcecode.c.h; path = ResourceEntities.h; sourceTree = "<group>"; };
		A5B600381A4816E400039CDF /* ResourceEntities.m */ = {isa = PBXFileReference; fileEncoding = 4; lastKnownFileType = sourcecode.c.objc; path = ResourceEntities.m; sourceTree = "<group>"; };
/* End PBXFileReference section */

/* Begin PBXFrameworksBuildPhase section */
		A59625C41A45F4250056303D /* Frameworks */ = {
			isa = PBXFrameworksBuildPhase;
			buildActionMask = 2147483647;
			files = (
				A54A6F3D1B3C542000FD9771 /* AppKit.framework in Frameworks */,
				A51B42721A48AA0B00D27AFD /* Quartz.framework in Frameworks */,
				A59626101A4610570056303D /* Cocoa.framework in Frameworks */,
			);
			runOnlyForDeploymentPostprocessing = 0;
		};
/* End PBXFrameworksBuildPhase section */

/* Begin PBXGroup section */
		A59625BE1A45F4250056303D = {
			isa = PBXGroup;
			children = (
				A59625C91A45F4250056303D /* RSRCManager */,
				A59625ED1A45F4B60056303D /* Resources */,
				A596260C1A4610420056303D /* Frameworks */,
				A59625C81A45F4250056303D /* Products */,
			);
			sourceTree = "<group>";
		};
		A59625C81A45F4250056303D /* Products */ = {
			isa = PBXGroup;
			children = (
				A59625C71A45F4250056303D /* RSRCManager.app */,
			);
			name = Products;
			sourceTree = "<group>";
		};
		A59625C91A45F4250056303D /* RSRCManager */ = {
			isa = PBXGroup;
			children = (
				A54A6F3E1B3C56DA00FD9771 /* Prefix.pch */,
				A5B6002F1A48134800039CDF /* ResourceManager */,
				A59625CC1A45F4250056303D /* AppDelegate.h */,
				A59625CD1A45F4250056303D /* AppDelegate.m */,
				A59625F51A45FE8E0056303D /* ResourceCollectionItemView.h */,
				A59625F61A45FE8E0056303D /* ResourceCollectionItemView.m */,
				A59625CA1A45F4250056303D /* Supporting Files */,
				A51B426E1A48932F00D27AFD /* PreviewCollectionView.h */,
				A51B426F1A48932F00D27AFD /* PreviewCollectionView.m */,
			);
			path = RSRCManager;
			sourceTree = "<group>";
		};
		A59625CA1A45F4250056303D /* Supporting Files */ = {
			isa = PBXGroup;
			children = (
				A54A6EE91B3C323400FD9771 /* RSRCManager.entitlements */,
				A59625CB1A45F4250056303D /* Info.plist */,
				A59625CF1A45F4250056303D /* main.m */,
			);
			name = "Supporting Files";
			sourceTree = "<group>";
		};
		A59625ED1A45F4B60056303D /* Resources */ = {
			isa = PBXGroup;
			children = (
				A59625FA1A460BDB0056303D /* MainMenu.xib */,
				A59625FD1A460BDB0056303D /* Credits.rtf */,
				A59625FF1A460BDB0056303D /* InfoPlist.strings */,
				A59626011A460BDB0056303D /* Images.xcassets */,
			);
			path = Resources;
			sourceTree = "<group>";
		};
		A596260C1A4610420056303D /* Frameworks */ = {
			isa = PBXGroup;
			children = (
				A51B42711A48AA0B00D27AFD /* Quartz.framework */,
				A596260D1A4610570056303D /* Cocoa.framework */,
				A596260E1A4610570056303D /* AppKit.framework */,
				A596260F1A4610570056303D /* Foundation.framework */,
			);
			name = Frameworks;
			sourceTree = "<group>";
		};
		A5B6002F1A48134800039CDF /* ResourceManager */ = {
			isa = PBXGroup;
			children = (
				A5B600371A4816E400039CDF /* ResourceEntities.h */,
				A5B600381A4816E400039CDF /* ResourceEntities.m */,
				A5B600321A48134800039CDF /* ResourceManager_Protocol.h */,
				A5B600301A48134800039CDF /* ResourceManager.h */,
				A5B600311A48134800039CDF /* ResourceManager.m */,
				A5B600331A48134800039CDF /* RSRCManager.h */,
				A5B600341A48134800039CDF /* RSRCManager.m */,
			);
			path = ResourceManager;
			sourceTree = "<group>";
		};
/* End PBXGroup section */

/* Begin PBXNativeTarget section */
		A59625C61A45F4250056303D /* RSRCManager */ = {
			isa = PBXNativeTarget;
			buildConfigurationList = A59625E71A45F4250056303D /* Build configuration list for PBXNativeTarget "RSRCManager" */;
			buildPhases = (
				A59625C31A45F4250056303D /* Sources */,
				A59625C41A45F4250056303D /* Frameworks */,
				A59625C51A45F4250056303D /* Resources */,
			);
			buildRules = (
			);
			dependencies = (
			);
			name = RSRCManager;
			productName = iResource;
			productReference = A59625C71A45F4250056303D /* RSRCManager.app */;
			productType = "com.apple.product-type.application";
		};
/* End PBXNativeTarget section */

/* Begin PBXProject section */
		A59625BF1A45F4250056303D /* Project object */ = {
			isa = PBXProject;
			attributes = {
				LastUpgradeCheck = 0610;
				ORGANIZATIONNAME = "IGR Software";
				TargetAttributes = {
					A59625C61A45F4250056303D = {
						CreatedOnToolsVersion = 6.1.1;
						DevelopmentTeam = DMP42GVPJ3;
						SystemCapabilities = {
							com.apple.Sandbox = {
								enabled = 1;
							};
						};
					};
				};
			};
			buildConfigurationList = A59625C21A45F4250056303D /* Build configuration list for PBXProject "RSRCManager" */;
			compatibilityVersion = "Xcode 3.2";
			developmentRegion = English;
			hasScannedForEncodings = 0;
			knownRegions = (
				en,
				Base,
			);
			mainGroup = A59625BE1A45F4250056303D;
			productRefGroup = A59625C81A45F4250056303D /* Products */;
			projectDirPath = "";
			projectRoot = "";
			targets = (
				A59625C61A45F4250056303D /* RSRCManager */,
			);
		};
/* End PBXProject section */

/* Begin PBXResourcesBuildPhase section */
		A59625C51A45F4250056303D /* Resources */ = {
			isa = PBXResourcesBuildPhase;
			buildActionMask = 2147483647;
			files = (
				A54A6F2B1B3C3C5D00FD9771 /* MainMenu.xib in Resources */,
				A59626051A460BDB0056303D /* Images.xcassets in Resources */,
				A59626041A460BDB0056303D /* InfoPlist.strings in Resources */,
				A59626031A460BDB0056303D /* Credits.rtf in Resources */,
			);
			runOnlyForDeploymentPostprocessing = 0;
		};
/* End PBXResourcesBuildPhase section */

/* Begin PBXSourcesBuildPhase section */
		A59625C31A45F4250056303D /* Sources */ = {
			isa = PBXSourcesBuildPhase;
			buildActionMask = 2147483647;
			files = (
				A59625D01A45F4250056303D /* main.m in Sources */,
				A5B600351A48134800039CDF /* ResourceManager.m in Sources */,
				A5B600391A4816E400039CDF /* ResourceEntities.m in Sources */,
				A5B600361A48134800039CDF /* RSRCManager.m in Sources */,
				A59625CE1A45F4250056303D /* AppDelegate.m in Sources */,
				A51B42701A48932F00D27AFD /* PreviewCollectionView.m in Sources */,
				A59625F81A45FE8E0056303D /* ResourceCollectionItemView.m in Sources */,
			);
			runOnlyForDeploymentPostprocessing = 0;
		};
/* End PBXSourcesBuildPhase section */

/* Begin PBXVariantGroup section */
		A59625FA1A460BDB0056303D /* MainMenu.xib */ = {
			isa = PBXVariantGroup;
			children = (
				A59625FB1A460BDB0056303D /* Base */,
			);
			name = MainMenu.xib;
			path = Base.lproj;
			sourceTree = "<group>";
		};
		A59625FD1A460BDB0056303D /* Credits.rtf */ = {
			isa = PBXVariantGroup;
			children = (
				A59625FE1A460BDB0056303D /* en */,
			);
			name = Credits.rtf;
			path = en.lproj;
			sourceTree = "<group>";
		};
		A59625FF1A460BDB0056303D /* InfoPlist.strings */ = {
			isa = PBXVariantGroup;
			children = (
				A59626001A460BDB0056303D /* en */,
			);
			name = InfoPlist.strings;
			path = en.lproj;
			sourceTree = "<group>";
		};
/* End PBXVariantGroup section */

/* Begin XCBuildConfiguration section */
		A59625E51A45F4250056303D /* Debug */ = {
			isa = XCBuildConfiguration;
			buildSettings = {
				ALWAYS_SEARCH_USER_PATHS = NO;
				CLANG_ENABLE_MODULES = YES;
				CLANG_ENABLE_OBJC_ARC = YES;
				CLANG_WARN_BOOL_CONVERSION = YES;
				CLANG_WARN_CONSTANT_CONVERSION = YES;
				CLANG_WARN_DIRECT_OBJC_ISA_USAGE = YES_ERROR;
				CLANG_WARN_EMPTY_BODY = YES;
				CLANG_WARN_ENUM_CONVERSION = YES;
				CLANG_WARN_INT_CONVERSION = YES;
				CLANG_WARN_OBJC_ROOT_CLASS = YES_ERROR;
				CLANG_WARN_UNREACHABLE_CODE = YES;
				CLANG_WARN__DUPLICATE_METHOD_MATCH = YES;
				CODE_SIGN_IDENTITY = "-";
				COPY_PHASE_STRIP = NO;
				ENABLE_STRICT_OBJC_MSGSEND = YES;
				GCC_DYNAMIC_NO_PIC = NO;
				GCC_OPTIMIZATION_LEVEL = 0;
				GCC_PREPROCESSOR_DEFINITIONS = (
					"DEBUG=1",
					"$(inherited)",
				);
				GCC_SYMBOLS_PRIVATE_EXTERN = NO;
				GCC_WARN_64_TO_32_BIT_CONVERSION = YES;
				GCC_WARN_ABOUT_RETURN_TYPE = YES_ERROR;
				GCC_WARN_UNDECLARED_SELECTOR = YES;
				GCC_WARN_UNINITIALIZED_AUTOS = YES_AGGRESSIVE;
				GCC_WARN_UNUSED_FUNCTION = YES;
				GCC_WARN_UNUSED_VARIABLE = YES;
				MACOSX_DEPLOYMENT_TARGET = 10.9;
				MTL_ENABLE_DEBUG_INFO = YES;
				ONLY_ACTIVE_ARCH = YES;
				SDKROOT = macosx;
			};
			name = Debug;
		};
		A59625E61A45F4250056303D /* Release */ = {
			isa = XCBuildConfiguration;
			buildSettings = {
				ALWAYS_SEARCH_USER_PATHS = NO;
				CLANG_ENABLE_MODULES = YES;
				CLANG_ENABLE_OBJC_ARC = YES;
				CLANG_WARN_BOOL_CONVERSION = YES;
				CLANG_WARN_CONSTANT_CONVERSION = YES;
				CLANG_WARN_DIRECT_OBJC_ISA_USAGE = YES_ERROR;
				CLANG_WARN_EMPTY_BODY = YES;
				CLANG_WARN_ENUM_CONVERSION = YES;
				CLANG_WARN_INT_CONVERSION = YES;
				CLANG_WARN_OBJC_ROOT_CLASS = YES_ERROR;
				CLANG_WARN_UNREACHABLE_CODE = YES;
				CLANG_WARN__DUPLICATE_METHOD_MATCH = YES;
				CODE_SIGN_IDENTITY = "-";
				COPY_PHASE_STRIP = YES;
				DEBUG_INFORMATION_FORMAT = "dwarf-with-dsym";
				ENABLE_NS_ASSERTIONS = NO;
				ENABLE_STRICT_OBJC_MSGSEND = YES;
				GCC_WARN_64_TO_32_BIT_CONVERSION = YES;
				GCC_WARN_ABOUT_RETURN_TYPE = YES_ERROR;
				GCC_WARN_UNDECLARED_SELECTOR = YES;
				GCC_WARN_UNINITIALIZED_AUTOS = YES_AGGRESSIVE;
				GCC_WARN_UNUSED_FUNCTION = YES;
				GCC_WARN_UNUSED_VARIABLE = YES;
				MACOSX_DEPLOYMENT_TARGET = 10.9;
				MTL_ENABLE_DEBUG_INFO = NO;
				SDKROOT = macosx;
			};
			name = Release;
		};
		A59625E81A45F4250056303D /* Debug */ = {
			isa = XCBuildConfiguration;
			buildSettings = {
				ALWAYS_SEARCH_USER_PATHS = YES;
				ASSETCATALOG_COMPILER_APPICON_NAME = AppIcon;
				CODE_SIGN_ENTITLEMENTS = RSRCManager/RSRCManager.entitlements;
				CODE_SIGN_IDENTITY = "Mac Developer";
				COMBINE_HIDPI_IMAGES = YES;
				GCC_PREFIX_HEADER = RSRCManager/Prefix.pch;
				INFOPLIST_FILE = RSRCManager/Info.plist;
				LD_RUNPATH_SEARCH_PATHS = "$(inherited) @executable_path/../Frameworks";
				PRODUCT_NAME = RSRCManager;
			};
			name = Debug;
		};
		A59625E91A45F4250056303D /* Release */ = {
			isa = XCBuildConfiguration;
			buildSettings = {
				ALWAYS_SEARCH_USER_PATHS = YES;
				ASSETCATALOG_COMPILER_APPICON_NAME = AppIcon;
				CODE_SIGN_ENTITLEMENTS = RSRCManager/RSRCManager.entitlements;
				CODE_SIGN_IDENTITY = "Mac Developer";
				COMBINE_HIDPI_IMAGES = YES;
				GCC_PREFIX_HEADER = RSRCManager/Prefix.pch;
				INFOPLIST_FILE = RSRCManager/Info.plist;
				LD_RUNPATH_SEARCH_PATHS = "$(inherited) @executable_path/../Frameworks";
				PRODUCT_NAME = RSRCManager;
			};
			name = Release;
		};
/* End XCBuildConfiguration section */

/* Begin XCConfigurationList section */
		A59625C21A45F4250056303D /* Build configuration list for PBXProject "RSRCManager" */ = {
			isa = XCConfigurationList;
			buildConfigurations = (
				A59625E51A45F4250056303D /* Debug */,
				A59625E61A45F4250056303D /* Release */,
			);
			defaultConfigurationIsVisible = 0;
			defaultConfigurationName = Release;
		};
		A59625E71A45F4250056303D /* Build configuration list for PBXNativeTarget "RSRCManager" */ = {
			isa = XCConfigurationList;
			buildConfigurations = (
				A59625E81A45F4250056303D /* Debug */,
				A59625E91A45F4250056303D /* Release */,
			);
			defaultConfigurationIsVisible = 0;
			defaultConfigurationName = Release;
		};
/* End XCConfigurationList section */
	};
	rootObject = A59625BF1A45F4250056303D /* Project object */;
}
